{
  "name": "food-ordering-app",
  "version": "1.0.0",
  "lockfileVersion": 2,
  "requires": true,
  "packages": {
    "": {
      "name": "food-ordering-app",
      "version": "1.0.0",
      "license": "ISC",
      "dependencies": {
        "axios": "^1.4.0",
        "http-proxy-middleware": "^2.0.6",
        "react": "^18.2.0",
        "react-dom": "^18.2.0",
        "react-router-dom": "^6.14.1"
      }
    },
    "node_modules/axios": {
      "version": "1.4.0",
      "resolved": "https://registry.npmjs.org/axios/-/axios-1.4.0.tgz",
      "integrity": "sha512-V3HpHKg/aK9AoxtotKy/pHpzkhRVoqRr33BgyKcuOHjqvOrEK5jWxKeQKQet4vDePLnF2uZN8tc6T4Yl9z+BXg=="
    },
    "node_modules/http-proxy-middleware": {
      "version": "2.0.6",
      "resolved": "https://registry.npmjs.org/http-proxy-middleware/-/http-proxy-middleware-2.0.6.tgz",
      "integrity": "sha512-QWhVeXfyj2CkHbXTdGh49KddNJkYFZQbcPfwQZBDw5Izp19+nZ8tvqVgTD1z4FJo1/1TxBQtT5VDcZc5LGYs3g==",
      "dependencies": {
        "http-proxy": "^1.18.1"
      }
    },
    "node_modules/react": {
      "version": "18.2.0",
      "resolved": "https://registry.npmjs.org/react/-/react-18.2.0.tgz",
      "integrity": "sha512-/3IjMdv5TDeEjd0EE+coQdJtwsOgHcf5KfUjPPCeqJrMLRfGH2ztIkl+h7Ajd9ddfvhDkdxl2pbeDFVCSr+aaQ=="
    },
    "node_modules/react-dom": {
      "version": "18.2.0",
      "resolved": "https://registry.npmjs.org/react-dom/-/react-dom-18.2.0.tgz",
      "integrity": "sha512-ER8PmwYC3KoVbOkgHPSZf4L9N87voTXXjMRJvBcpKY8km1kpAb2slIb1glqoOAKHrmrNl1EjrcK2hb2C2y7mdw=="
    },
    "node_modules/react-router-dom": {
      "version": "6.14.1",
      "resolved": "https://registry.npmjs.org/react-router-dom/-/react-router-dom-6.14.1.tgz",
      "integrity": "sha512-VocNYb5bpHGiBW+avTgDsHTvTIvyiwWL5CL+JBvypAEn0T9WtnivcZzPNKgX5lMN6yDo7QktG3AJNj7u9/j9xA=="
    }
  },
  "dependencies": {
    "axios": {
      "version": "1.4.0",
      "resolved": "https://registry.npmjs.org/axios/-/axios-1.4.0.tgz",
      "integrity": "sha512-V3HpHKg/aK9AoxtotKy/pHpzkhRVoqRr33BgyKcuOHjqvOrEK5jWxKeQKQet4vDePLnF2uZN8tc6T4Yl9z+BXg=="
    },
    "http-proxy-middleware": {
      "version": "2.0.6",
      "resolved": "https://registry.npmjs.org/http-proxy-middleware/-/http-proxy-middleware-2.0.6.tgz",
      "integrity": "sha512-QWhVeXfyj2CkHbXTdGh49KddNJkYFZQbcPfwQZBDw5Izp19+nZ8tvqVgTD1z4FJo1/1TxBQtT5VDcZc5LGYs3g==",
      "dependencies": {
        "http-proxy": "^1.18.1"
      }
    },
    "react": {
      "version": "18.2.0",
      "resolved": "https://registry.npmjs.org/react/-/react-18.2.0.tgz",
      "integrity": "sha512-/3IjMdv5TDeEjd0EE+coQdJtwsOgHcf5KfUjPPCeqJrMLRfGH2ztIkl+h7Ajd9ddfvhDkdxl2pbeDFVCSr+aaQ=="
    },
    "react-dom": {
      "version": "18.2.0",
      "resolved": "https://registry.npmjs.org/react-dom/-/react-dom-18.2.0.tgz",
      "integrity": "sha512-ER8PmwYC3KoVbOkgHPSZf4L9N87voTXXjMRJvBcpKY8km1kpAb2slIb1glqoOAKHrmrNl1EjrcK2hb2C2y7mdw=="
    },
    "react-router-dom": {
      "version": "6.14.1",
      "resolved": "https://registry.npmjs.org/react-router-dom/-/react-router-dom-6.14.1.tgz",
      "integrity": "sha512-VocNYb5bpHGiBW+avTgDsHTvTIvyiwWL5CL+JBvypAEn0T9WtnivcZzPNKgX5lMN6yDo7QktG3AJNj7u9/j9xA=="
    }
  }
}
